<?xml version="1.0" encoding="utf-8"?>
<Project ToolsVersion="4.0" xmlns="http://schemas.microsoft.com/developer/msbuild/2003">
  <ItemGroup>
    <Filter Include="Source Files">
      <UniqueIdentifier>{5fdbe736-1e4e-4fe6-ba2c-9eccf300f703}</UniqueIdentifier>
      <Extensions>cpp;c;cxx;rc;def;r;odl;idl;hpj;bat</Extensions>
    </Filter>
    <Filter Include="Header Files">
      <UniqueIdentifier>{81477052-5f3d-4edd-94ca-de5b74a7ed17}</UniqueIdentifier>
      <Extensions>h;hpp;hxx;hm;inl</Extensions>
    </Filter>
  </ItemGroup>
  <ItemGroup>
    <ClCompile Include="AggDBWriter.cpp">
      <Filter>Source Files</Filter>
    </ClCompile>
    <ClCompile Include="AggFileWriter.cpp">
      <Filter>Source Files</Filter>
    </ClCompile>
    <ClCompile Include="AggWriter.cpp">
      <Filter>Source Files</Filter>
    </ClCompile>
    <ClCompile Include="FileHandle.cpp">
      <Filter>Source Files</Filter>
    </ClCompile>
    <ClCompile Include="FreqPool.cpp">
      <Filter>Source Files</Filter>
    </ClCompile>
    <ClCompile Include="Globals.cpp">
      <Filter>Source Files</Filter>
    </ClCompile>
    <ClCompile Include="MolapCCPreComputation.cpp">
      <Filter>Source Files</Filter>
    </ClCompile>
    <ClCompile Include="MolapFCPreComputation.cpp">
      <Filter>Source Files</Filter>
    </ClCompile>
    <ClCompile Include="MolapMTCCPreComputation.cpp">
      <Filter>Source Files</Filter>
    </ClCompile>
    <ClCompile Include="MolapPreComputationBase.cpp">
      <Filter>Source Files</Filter>
    </ClCompile>
    <ClCompile Include="MTPDCCPreComputation.cpp">
      <Filter>Source Files</Filter>
    </ClCompile>
    <ClCompile Include="PreCmptException.cpp">
      <Filter>Source Files</Filter>
    </ClCompile>
    <ClCompile Include="PreComputation.cpp">
      <Filter>Source Files</Filter>
    </ClCompile>
    <ClCompile Include="PreComputationbase.cpp">
      <Filter>Source Files</Filter>
    </ClCompile>
    <ClCompile Include="RolapCCPreComputation.cpp">
      <Filter>Source Files</Filter>
    </ClCompile>
  </ItemGroup>
</Project>