<?xml version="1.0" encoding="utf-8"?>
<Project ToolsVersion="4.0" xmlns="http://schemas.microsoft.com/developer/msbuild/2003">
  <ItemGroup>
    <Filter Include="Source Files">
      <UniqueIdentifier>{3fdad5bc-868b-469d-9b4a-816ad528be96}</UniqueIdentifier>
      <Extensions>cpp;c;cxx;rc;def;r;odl;idl;hpj;bat</Extensions>
    </Filter>
    <Filter Include="Header Files">
      <UniqueIdentifier>{a93a4a68-9ece-4508-acdf-5efccf6bb6ac}</UniqueIdentifier>
      <Extensions>h;hpp;hxx;hm;inl</Extensions>
    </Filter>
  </ItemGroup>
  <ItemGroup>
    <ClCompile Include="calcMemFormat.cpp">
      <Filter>Source Files</Filter>
    </ClCompile>
    <ClCompile Include="calculatedMember.cpp">
      <Filter>Source Files</Filter>
    </ClCompile>
    <ClCompile Include="FunParam.cpp">
      <Filter>Source Files</Filter>
    </ClCompile>
    <ClCompile Include="lex.cpp">
      <Filter>Source Files</Filter>
    </ClCompile>
    <ClCompile Include="main.cpp">
      <Filter>Source Files</Filter>
    </ClCompile>
    <ClCompile Include="MemberFunFactory.cpp">
      <Filter>Source Files</Filter>
    </ClCompile>
    <ClCompile Include="ParsedMDX.cpp">
      <Filter>Source Files</Filter>
    </ClCompile>
    <ClCompile Include="QueryMember.cpp">
      <Filter>Source Files</Filter>
    </ClCompile>
    <ClCompile Include="QueryTuple.cpp">
      <Filter>Source Files</Filter>
    </ClCompile>
    <ClCompile Include="SetFunFactory.cpp">
      <Filter>Source Files</Filter>
    </ClCompile>
    <ClCompile Include="SymTab.cpp">
      <Filter>Source Files</Filter>
    </ClCompile>
    <ClCompile Include="SyntTree.cpp">
      <Filter>Source Files</Filter>
    </ClCompile>
  </ItemGroup>
  <ItemGroup>
    <ClInclude Include="..\include\MdxParser\calcMemFormat.h">
      <Filter>Header Files</Filter>
    </ClInclude>
    <ClInclude Include="..\include\MdxParser\calculatedMember.h">
      <Filter>Header Files</Filter>
    </ClInclude>
    <ClInclude Include="..\include\MdxParser\Common.h">
      <Filter>Header Files</Filter>
    </ClInclude>
    <ClInclude Include="..\include\MdxParser\FunParam.h">
      <Filter>Header Files</Filter>
    </ClInclude>
    <ClInclude Include="..\include\MdxParser\GlobalFun.h">
      <Filter>Header Files</Filter>
    </ClInclude>
    <ClInclude Include="..\include\MdxParser\MemberFunFactory.h">
      <Filter>Header Files</Filter>
    </ClInclude>
    <ClInclude Include="..\include\MdxParser\ParsedMDX.h">
      <Filter>Header Files</Filter>
    </ClInclude>
    <ClInclude Include="..\include\MdxParser\QueryMember.h">
      <Filter>Header Files</Filter>
    </ClInclude>
    <ClInclude Include="..\include\MdxParser\QueryTuple.h">
      <Filter>Header Files</Filter>
    </ClInclude>
    <ClInclude Include="..\include\MdxParser\SetFunFactory.h">
      <Filter>Header Files</Filter>
    </ClInclude>
    <ClInclude Include="..\include\MdxParser\SymTab.h">
      <Filter>Header Files</Filter>
    </ClInclude>
    <ClInclude Include="..\include\MdxParser\SyntTree.h">
      <Filter>Header Files</Filter>
    </ClInclude>
    <ClInclude Include="..\include\MdxParser\unistd.h">
      <Filter>Header Files</Filter>
    </ClInclude>
    <ClInclude Include="..\include\MdxParser\yacc.h">
      <Filter>Header Files</Filter>
    </ClInclude>
    <ClInclude Include="..\include\MdxParser\yacc1.h">
      <Filter>Header Files</Filter>
    </ClInclude>
  </ItemGroup>
</Project>