<?xml version="1.0" encoding="utf-8"?>
<Project ToolsVersion="4.0" xmlns="http://schemas.microsoft.com/developer/msbuild/2003">
  <ItemGroup>
    <Filter Include="Source Files">
      <UniqueIdentifier>{8434c6b0-2c63-4e19-8ca1-253b3d850736}</UniqueIdentifier>
      <Extensions>cpp;c;cxx;rc;def;r;odl;idl;hpj;bat</Extensions>
    </Filter>
    <Filter Include="Header Files">
      <UniqueIdentifier>{d94e5866-3e87-401c-8089-125df4b821ab}</UniqueIdentifier>
      <Extensions>h;hpp;hxx;hm;inl</Extensions>
    </Filter>
  </ItemGroup>
  <ItemGroup>
    <ClCompile Include="AggDBReader.cpp">
      <Filter>Source Files</Filter>
    </ClCompile>
    <ClCompile Include="AggFileReader.cpp">
      <Filter>Source Files</Filter>
    </ClCompile>
    <ClCompile Include="AggReader.cpp">
      <Filter>Source Files</Filter>
    </ClCompile>
    <ClCompile Include="MolapCCInvertListQuery.cpp">
      <Filter>Source Files</Filter>
    </ClCompile>
    <ClCompile Include="MolapQueryComputationBase.cpp">
      <Filter>Source Files</Filter>
    </ClCompile>
    <ClCompile Include="MTCCQuery.cpp">
      <Filter>Source Files</Filter>
    </ClCompile>
    <ClCompile Include="QueryCmptException.cpp">
      <Filter>Source Files</Filter>
    </ClCompile>
    <ClCompile Include="QueryComputation.cpp">
      <Filter>Source Files</Filter>
    </ClCompile>
    <ClCompile Include="RolapCCQuery.cpp">
      <Filter>Source Files</Filter>
    </ClCompile>
  </ItemGroup>
  <ItemGroup>
    <ClInclude Include="..\include\PreComputation\AggDBWriter.h">
      <Filter>Header Files</Filter>
    </ClInclude>
    <ClInclude Include="..\include\PreComputation\AggFileWriter.h">
      <Filter>Header Files</Filter>
    </ClInclude>
    <ClInclude Include="..\include\PreComputation\AggWriter.h">
      <Filter>Header Files</Filter>
    </ClInclude>
    <ClInclude Include="..\include\PreComputation\Common.h">
      <Filter>Header Files</Filter>
    </ClInclude>
    <ClInclude Include="..\include\PreComputation\FileHandle.h">
      <Filter>Header Files</Filter>
    </ClInclude>
    <ClInclude Include="..\include\PreComputation\FreqPool.h">
      <Filter>Header Files</Filter>
    </ClInclude>
    <ClInclude Include="..\include\PreComputation\MolapCCPreComputation.h">
      <Filter>Header Files</Filter>
    </ClInclude>
    <ClInclude Include="..\include\PreComputation\MolapFCPreComputation.h">
      <Filter>Header Files</Filter>
    </ClInclude>
    <ClInclude Include="..\include\PreComputation\MolapMTCCPreComputation.h">
      <Filter>Header Files</Filter>
    </ClInclude>
    <ClInclude Include="..\include\PreComputation\MolapPreComputationBase.h">
      <Filter>Header Files</Filter>
    </ClInclude>
    <ClInclude Include="..\include\PreComputation\MTPDCCPreComputation.h">
      <Filter>Header Files</Filter>
    </ClInclude>
    <ClInclude Include="..\include\PreComputation\PreCmptException.h">
      <Filter>Header Files</Filter>
    </ClInclude>
    <ClInclude Include="..\include\PreComputation\PreComputation.h">
      <Filter>Header Files</Filter>
    </ClInclude>
    <ClInclude Include="..\include\PreComputation\PreComputationbase.h">
      <Filter>Header Files</Filter>
    </ClInclude>
    <ClInclude Include="..\include\PreComputation\RolapCCPreComputation.h">
      <Filter>Header Files</Filter>
    </ClInclude>
  </ItemGroup>
</Project>